Microsoft Visual Studio Solution File, Format Version 12.00
# Visual Studio Version 17
VisualStudioVersion = 17.5.2.0
MinimumVisualStudioVersion = 10.0.40219.1
Project("{FAE04EC0-301F-11D3-BF4B-00C04F79EFBC}") = "POO_1", "POO_1.csproj", "{5ECEB1CB-508E-63F9-1702-D70966A39B7D}"
EndProject
Global
	GlobalSection(SolutionConfigurationPlatforms) = preSolution
		Debug|Any CPU = Debug|Any CPU
		Release|Any CPU = Release|Any CPU
	EndGlobalSection
	GlobalSection(ProjectConfigurationPlatforms) = postSolution
		{5ECEB1CB-508E-63F9-1702-D70966A39B7D}.Debug|Any CPU.ActiveCfg = Debug|Any CPU
		{5ECEB1CB-508E-63F9-1702-D70966A39B7D}.Debug|Any CPU.Build.0 = Debug|Any CPU
		{5ECEB1CB-508E-63F9-1702-D70966A39B7D}.Release|Any CPU.ActiveCfg = Release|Any CPU
		{5ECEB1CB-508E-63F9-1702-D70966A39B7D}.Release|Any CPU.Build.0 = Release|Any CPU
	EndGlobalSection
	GlobalSection(SolutionProperties) = preSolution
		HideSolutionNode = FALSE
	EndGlobalSection
	GlobalSection(ExtensibilityGlobals) = postSolution
		SolutionGuid = {BD730604-DEAD-4960-8D1E-80B612EEA155}
	EndGlobalSection
EndGlobal
